
Microsoft Visual Studio Solution File, Format Version 12.00
# Visual Studio Version 17
VisualStudioVersion = 17.13.35931.197
MinimumVisualStudioVersion = 10.0.40219.1
Project("{2150E333-8FDC-42A3-9474-1A3956D46DE8}") = "DotNetCore", "DotNetCore", "{02EA681E-C7D8-13C7-8484-4AC65E1B71E8}"
EndProject
Project("{2150E333-8FDC-42A3-9474-1A3956D46DE8}") = "Microservices", "Microservices", "{F43ABC00-0F93-4D6F-B58D-680D04C39280}"
EndProject
Project("{2150E333-8FDC-42A3-9474-1A3956D46DE8}") = "WebAPI", "WebAPI", "{F7397B8D-BD50-4DF8-BBB4-B4C622E918D0}"
EndProject
Project("{FAE04EC0-301F-11D3-BF4B-00C04F79EFBC}") = "DotNetCoreWebAPI", "DotNetCore\WebAPI\DotNetCoreWebAPI\DotNetCoreWebAPI.csproj", "{647EE79A-9F22-4F7D-8956-BECF0C3DE21A}"
EndProject
Project("{2150E333-8FDC-42A3-9474-1A3956D46DE8}") = "C#Basics", "C#Basics", "{831DD192-F5FB-4D3D-9F28-81F8F63A0E3D}"
EndProject
Project("{FAE04EC0-301F-11D3-BF4B-00C04F79EFBC}") = "C#Basics", "DotNetCore\C#Basics\C#Basics.csproj", "{D9FA1180-749D-4ADA-B183-D3D999967262}"
EndProject
Project("{FAE04EC0-301F-11D3-BF4B-00C04F79EFBC}") = "CSharpBasicsTestingConsoleApp", "DotNetCore\CSharpBasicsTestingConsoleApp\CSharpBasicsTestingConsoleApp.csproj", "{2C650330-20C6-4B4E-A04D-82BEDCD9B06A}"
EndProject
Project("{2150E333-8FDC-42A3-9474-1A3956D46DE8}") = "Angular", "Angular", "{B39F1807-F071-46D6-AEF5-74E2E46591E4}"
EndProject
Project("{54A90642-561A-4BB1-A94E-469ADEE60C69}") = "ECommerce", "Angular\ECommerce\ECommerce.esproj", "{197DF790-DDBB-8A41-F068-8159C5E9D625}"
EndProject
Project("{FAE04EC0-301F-11D3-BF4B-00C04F79EFBC}") = "MinimalWebAPI", "DotNetCore\WebAPI\MinimalWebAPI\MinimalWebAPI.csproj", "{7242FDE6-B375-82FF-AC55-08D997FCAD68}"
EndProject
Project("{2150E333-8FDC-42A3-9474-1A3956D46DE8}") = "MVC", "MVC", "{5B6C7FFC-F999-468B-AE15-2BBC0E5571A6}"
EndProject
Project("{FAE04EC0-301F-11D3-BF4B-00C04F79EFBC}") = "DotNetCoreMVC", "DotNetCore\MVC\DotNetCoreMVC\DotNetCoreMVC.csproj", "{A3AF0DFF-56D7-4677-B1B8-534857349E14}"
EndProject
Project("{2150E333-8FDC-42A3-9474-1A3956D46DE8}") = "MudBlazor", "MudBlazor", "{4DA3EBD2-C9BB-4A5A-8F03-2F0DAE1D1931}"
EndProject
Project("{FAE04EC0-301F-11D3-BF4B-00C04F79EFBC}") = "BlazorWebAssemblyApp", "DotNetCore\MudBlazor\BlazorWebAssemblyApp\BlazorWebAssemblyApp.csproj", "{95B5BAD4-5768-4630-BCDD-888031BBE136}"
EndProject
Project("{FAE04EC0-301F-11D3-BF4B-00C04F79EFBC}") = "BlazorServerApp", "DotNetCore\MudBlazor\BlazorServerApp\BlazorServerApp.csproj", "{EA806DD2-41B5-4EA3-8BE3-F092537F664E}"
EndProject
Project("{2150E333-8FDC-42A3-9474-1A3956D46DE8}") = "Ecommerce", "Ecommerce", "{AD68AD7A-EE08-431E-964A-5BAA3C4D1EA8}"
EndProject
Project("{FAE04EC0-301F-11D3-BF4B-00C04F79EFBC}") = "ProductService", "DotNetCore\Microservices\ECommerce\ProductService\ProductService.csproj", "{6C4D5772-7CE4-4868-8F19-DC3182F1639E}"
EndProject
Project("{D954291E-2A0B-460D-934E-DC6B0785DB48}") = "DBContext", "DotNetCore\Microservices\DBContext\DBContext.shproj", "{0783B2B9-88C5-4ADF-8F82-399C65B02C4A}"
EndProject
Global
	GlobalSection(SolutionConfigurationPlatforms) = preSolution
		Debug|Any CPU = Debug|Any CPU
		Release|Any CPU = Release|Any CPU
	EndGlobalSection
	GlobalSection(ProjectConfigurationPlatforms) = postSolution
		{647EE79A-9F22-4F7D-8956-BECF0C3DE21A}.Debug|Any CPU.ActiveCfg = Debug|Any CPU
		{647EE79A-9F22-4F7D-8956-BECF0C3DE21A}.Debug|Any CPU.Build.0 = Debug|Any CPU
		{647EE79A-9F22-4F7D-8956-BECF0C3DE21A}.Release|Any CPU.ActiveCfg = Release|Any CPU
		{647EE79A-9F22-4F7D-8956-BECF0C3DE21A}.Release|Any CPU.Build.0 = Release|Any CPU
		{D9FA1180-749D-4ADA-B183-D3D999967262}.Debug|Any CPU.ActiveCfg = Debug|Any CPU
		{D9FA1180-749D-4ADA-B183-D3D999967262}.Debug|Any CPU.Build.0 = Debug|Any CPU
		{D9FA1180-749D-4ADA-B183-D3D999967262}.Release|Any CPU.ActiveCfg = Release|Any CPU
		{D9FA1180-749D-4ADA-B183-D3D999967262}.Release|Any CPU.Build.0 = Release|Any CPU
		{2C650330-20C6-4B4E-A04D-82BEDCD9B06A}.Debug|Any CPU.ActiveCfg = Debug|Any CPU
		{2C650330-20C6-4B4E-A04D-82BEDCD9B06A}.Debug|Any CPU.Build.0 = Debug|Any CPU
		{2C650330-20C6-4B4E-A04D-82BEDCD9B06A}.Release|Any CPU.ActiveCfg = Release|Any CPU
		{2C650330-20C6-4B4E-A04D-82BEDCD9B06A}.Release|Any CPU.Build.0 = Release|Any CPU
		{197DF790-DDBB-8A41-F068-8159C5E9D625}.Debug|Any CPU.ActiveCfg = Debug|Any CPU
		{197DF790-DDBB-8A41-F068-8159C5E9D625}.Debug|Any CPU.Build.0 = Debug|Any CPU
		{197DF790-DDBB-8A41-F068-8159C5E9D625}.Debug|Any CPU.Deploy.0 = Debug|Any CPU
		{197DF790-DDBB-8A41-F068-8159C5E9D625}.Release|Any CPU.ActiveCfg = Release|Any CPU
		{197DF790-DDBB-8A41-F068-8159C5E9D625}.Release|Any CPU.Build.0 = Release|Any CPU
		{197DF790-DDBB-8A41-F068-8159C5E9D625}.Release|Any CPU.Deploy.0 = Release|Any CPU
		{7242FDE6-B375-82FF-AC55-08D997FCAD68}.Debug|Any CPU.ActiveCfg = Debug|Any CPU
		{7242FDE6-B375-82FF-AC55-08D997FCAD68}.Debug|Any CPU.Build.0 = Debug|Any CPU
		{7242FDE6-B375-82FF-AC55-08D997FCAD68}.Release|Any CPU.ActiveCfg = Release|Any CPU
		{7242FDE6-B375-82FF-AC55-08D997FCAD68}.Release|Any CPU.Build.0 = Release|Any CPU
		{A3AF0DFF-56D7-4677-B1B8-534857349E14}.Debug|Any CPU.ActiveCfg = Debug|Any CPU
		{A3AF0DFF-56D7-4677-B1B8-534857349E14}.Debug|Any CPU.Build.0 = Debug|Any CPU
		{A3AF0DFF-56D7-4677-B1B8-534857349E14}.Release|Any CPU.ActiveCfg = Release|Any CPU
		{A3AF0DFF-56D7-4677-B1B8-534857349E14}.Release|Any CPU.Build.0 = Release|Any CPU
		{95B5BAD4-5768-4630-BCDD-888031BBE136}.Debug|Any CPU.ActiveCfg = Debug|Any CPU
		{95B5BAD4-5768-4630-BCDD-888031BBE136}.Debug|Any CPU.Build.0 = Debug|Any CPU
		{95B5BAD4-5768-4630-BCDD-888031BBE136}.Release|Any CPU.ActiveCfg = Release|Any CPU
		{95B5BAD4-5768-4630-BCDD-888031BBE136}.Release|Any CPU.Build.0 = Release|Any CPU
		{EA806DD2-41B5-4EA3-8BE3-F092537F664E}.Debug|Any CPU.ActiveCfg = Debug|Any CPU
		{EA806DD2-41B5-4EA3-8BE3-F092537F664E}.Debug|Any CPU.Build.0 = Debug|Any CPU
		{EA806DD2-41B5-4EA3-8BE3-F092537F664E}.Release|Any CPU.ActiveCfg = Release|Any CPU
		{EA806DD2-41B5-4EA3-8BE3-F092537F664E}.Release|Any CPU.Build.0 = Release|Any CPU
		{6C4D5772-7CE4-4868-8F19-DC3182F1639E}.Debug|Any CPU.ActiveCfg = Debug|Any CPU
		{6C4D5772-7CE4-4868-8F19-DC3182F1639E}.Debug|Any CPU.Build.0 = Debug|Any CPU
		{6C4D5772-7CE4-4868-8F19-DC3182F1639E}.Release|Any CPU.ActiveCfg = Release|Any CPU
		{6C4D5772-7CE4-4868-8F19-DC3182F1639E}.Release|Any CPU.Build.0 = Release|Any CPU
	EndGlobalSection
	GlobalSection(SolutionProperties) = preSolution
		HideSolutionNode = FALSE
	EndGlobalSection
	GlobalSection(NestedProjects) = preSolution
		{F43ABC00-0F93-4D6F-B58D-680D04C39280} = {02EA681E-C7D8-13C7-8484-4AC65E1B71E8}
		{F7397B8D-BD50-4DF8-BBB4-B4C622E918D0} = {02EA681E-C7D8-13C7-8484-4AC65E1B71E8}
		{647EE79A-9F22-4F7D-8956-BECF0C3DE21A} = {F7397B8D-BD50-4DF8-BBB4-B4C622E918D0}
		{831DD192-F5FB-4D3D-9F28-81F8F63A0E3D} = {02EA681E-C7D8-13C7-8484-4AC65E1B71E8}
		{D9FA1180-749D-4ADA-B183-D3D999967262} = {831DD192-F5FB-4D3D-9F28-81F8F63A0E3D}
		{2C650330-20C6-4B4E-A04D-82BEDCD9B06A} = {831DD192-F5FB-4D3D-9F28-81F8F63A0E3D}
		{197DF790-DDBB-8A41-F068-8159C5E9D625} = {B39F1807-F071-46D6-AEF5-74E2E46591E4}
		{7242FDE6-B375-82FF-AC55-08D997FCAD68} = {F7397B8D-BD50-4DF8-BBB4-B4C622E918D0}
		{5B6C7FFC-F999-468B-AE15-2BBC0E5571A6} = {02EA681E-C7D8-13C7-8484-4AC65E1B71E8}
		{A3AF0DFF-56D7-4677-B1B8-534857349E14} = {5B6C7FFC-F999-468B-AE15-2BBC0E5571A6}
		{4DA3EBD2-C9BB-4A5A-8F03-2F0DAE1D1931} = {02EA681E-C7D8-13C7-8484-4AC65E1B71E8}
		{95B5BAD4-5768-4630-BCDD-888031BBE136} = {4DA3EBD2-C9BB-4A5A-8F03-2F0DAE1D1931}
		{EA806DD2-41B5-4EA3-8BE3-F092537F664E} = {4DA3EBD2-C9BB-4A5A-8F03-2F0DAE1D1931}
		{AD68AD7A-EE08-431E-964A-5BAA3C4D1EA8} = {F43ABC00-0F93-4D6F-B58D-680D04C39280}
		{6C4D5772-7CE4-4868-8F19-DC3182F1639E} = {AD68AD7A-EE08-431E-964A-5BAA3C4D1EA8}
		{0783B2B9-88C5-4ADF-8F82-399C65B02C4A} = {F43ABC00-0F93-4D6F-B58D-680D04C39280}
	EndGlobalSection
	GlobalSection(ExtensibilityGlobals) = postSolution
		SolutionGuid = {E9F54952-23D7-4CE4-9D78-1470E3941570}
	EndGlobalSection
	GlobalSection(SharedMSBuildProjectFiles) = preSolution
		DotNetCore\Microservices\DBContext\DBContext.projitems*{0783b2b9-88c5-4adf-8f82-399c65b02c4a}*SharedItemsImports = 13
	EndGlobalSection
EndGlobal
